// !$*UTF8*$!
{
	archiveVersion = 1;
	classes = {
	};
	objectVersion = 46;
	objects = {

/* Begin PBXBuildFile section */
		D3A611FE1C9B7878005F715F /* Settings.bundle in Resources */ = {isa = PBXBuildFile; fileRef = D3A611FD1C9B7878005F715F /* Settings.bundle */; };
		D3A612001C9B7FBA005F715F /* HistoryVC.swift in Sources */ = {isa = PBXBuildFile; fileRef = D3A611FF1C9B7FBA005F715F /* HistoryVC.swift */; };
		D3B572781C98EE42002DB4C7 /* AppDelegate.swift in Sources */ = {isa = PBXBuildFile; fileRef = D3B572771C98EE42002DB4C7 /* AppDelegate.swift */; };
		D3B5727A1C98EE42002DB4C7 /* ViewController.swift in Sources */ = {isa = PBXBuildFile; fileRef = D3B572791C98EE42002DB4C7 /* ViewController.swift */; };
		D3B5727D1C98EE42002DB4C7 /* Main.storyboard in Resources */ = {isa = PBXBuildFile; fileRef = D3B5727B1C98EE42002DB4C7 /* Main.storyboard */; };
		D3B5727F1C98EE42002DB4C7 /* Assets.xcassets in Resources */ = {isa = PBXBuildFile; fileRef = D3B5727E1C98EE42002DB4C7 /* Assets.xcassets */; };
		D3B572821C98EE42002DB4C7 /* LaunchScreen.storyboard in Resources */ = {isa = PBXBuildFile; fileRef = D3B572801C98EE42002DB4C7 /* LaunchScreen.storyboard */; };
/* End PBXBuildFile section */

/* Begin PBXFileReference section */
		D3A611FD1C9B7878005F715F /* Settings.bundle */ = {isa = PBXFileReference; lastKnownFileType = "wrapper.plug-in"; path = Settings.bundle; sourceTree = "<group>"; };
		D3A611FF1C9B7FBA005F715F /* HistoryVC.swift */ = {isa = PBXFileReference; fileEncoding = 4; lastKnownFileType = sourcecode.swift; path = HistoryVC.swift; sourceTree = "<group>"; };
		D3B572741C98EE42002DB4C7 /* webViewClass.app */ = {isa = PBXFileReference; explicitFileType = wrapper.application; includeInIndex = 0; path = webViewClass.app; sourceTree = BUILT_PRODUCTS_DIR; };
		D3B572771C98EE42002DB4C7 /* AppDelegate.swift */ = {isa = PBXFileReference; lastKnownFileType = sourcecode.swift; path = AppDelegate.swift; sourceTree = "<group>"; };
		D3B572791C98EE42002DB4C7 /* ViewController.swift */ = {isa = PBXFileReference; lastKnownFileType = sourcecode.swift; path = ViewController.swift; sourceTree = "<group>"; };
		D3B5727C1C98EE42002DB4C7 /* Base */ = {isa = PBXFileReference; lastKnownFileType = file.storyboard; name = Base; path = Base.lproj/Main.storyboard; sourceTree = "<group>"; };
		D3B5727E1C98EE42002DB4C7 /* Assets.xcassets */ = {isa = PBXFileReference; lastKnownFileType = folder.assetcatalog; path = Assets.xcassets; sourceTree = "<group>"; };
		D3B572811C98EE42002DB4C7 /* Base */ = {isa = PBXFileReference; lastKnownFileType = file.storyboard; name = Base; path = Base.lproj/LaunchScreen.storyboard; sourceTree = "<group>"; };
		D3B572831C98EE42002DB4C7 /* Info.plist */ = {isa = PBXFileReference; lastKnownFileType = text.plist.xml; path = Info.plist; sourceTree = "<group>"; };
/* End PBXFileReference section */

/* Begin PBXFrameworksBuildPhase section */
		D3B572711C98EE42002DB4C7 /* Frameworks */ = {
			isa = PBXFrameworksBuildPhase;
			buildActionMask = 2147483647;
			files = (
			);
			runOnlyForDeploymentPostprocessing = 0;
		};
/* End PBXFrameworksBuildPhase section */

/* Begin PBXGroup section */
		D3B5726B1C98EE42002DB4C7 = {
			isa = PBXGroup;
			children = (
				D3B572761C98EE42002DB4C7 /* webViewClass */,
				D3B572751C98EE42002DB4C7 /* Products */,
			);
			sourceTree = "<group>";
		};
		D3B572751C98EE42002DB4C7 /* Products */ = {
			isa = PBXGroup;
			children = (
				D3B572741C98EE42002DB4C7 /* webViewClass.app */,
			);
			name = Products;
			sourceTree = "<group>";
		};
		D3B572761C98EE42002DB4C7 /* webViewClass */ = {
			isa = PBXGroup;
			children = (
				D3B572771C98EE42002DB4C7 /* AppDelegate.swift */,
				D3B572791C98EE42002DB4C7 /* ViewController.swift */,
				D3A611FF1C9B7FBA005F715F /* HistoryVC.swift */,
				D3B5727B1C98EE42002DB4C7 /* Main.storyboard */,
				D3B5727E1C98EE42002DB4C7 /* Assets.xcassets */,
				D3B572801C98EE42002DB4C7 /* LaunchScreen.storyboard */,
				D3B572831C98EE42002DB4C7 /* Info.plist */,
				D3A611FD1C9B7878005F715F /* Settings.bundle */,
			);
			path = webViewClass;
			sourceTree = "<group>";
		};
/* End PBXGroup section */

/* Begin PBXNativeTarget section */
		D3B572731C98EE42002DB4C7 /* webViewClass */ = {
			isa = PBXNativeTarget;
			buildConfigurationList = D3B572861C98EE42002DB4C7 /* Build configuration list for PBXNativeTarget "webViewClass" */;
			buildPhases = (
				D3B572701C98EE42002DB4C7 /* Sources */,
				D3B572711C98EE42002DB4C7 /* Frameworks */,
				D3B572721C98EE42002DB4C7 /* Resources */,
			);
			buildRules = (
			);
			dependencies = (
			);
			name = webViewClass;
			productName = webViewClass;
			productReference = D3B572741C98EE42002DB4C7 /* webViewClass.app */;
			productType = "com.apple.product-type.application";
		};
/* End PBXNativeTarget section */

/* Begin PBXProject section */
		D3B5726C1C98EE42002DB4C7 /* Project object */ = {
			isa = PBXProject;
			attributes = {
				LastSwiftUpdateCheck = 0720;
				LastUpgradeCheck = 0720;
				ORGANIZATIONNAME = "Francisco Gutierrez";
				TargetAttributes = {
					D3B572731C98EE42002DB4C7 = {
						CreatedOnToolsVersion = 7.2;
						DevelopmentTeam = KX4VBDX3KL;
					};
				};
			};
			buildConfigurationList = D3B5726F1C98EE42002DB4C7 /* Build configuration list for PBXProject "webViewClass" */;
			compatibilityVersion = "Xcode 3.2";
			developmentRegion = English;
			hasScannedForEncodings = 0;
			knownRegions = (
				en,
				Base,
			);
			mainGroup = D3B5726B1C98EE42002DB4C7;
			productRefGroup = D3B572751C98EE42002DB4C7 /* Products */;
			projectDirPath = "";
			projectRoot = "";
			targets = (
				D3B572731C98EE42002DB4C7 /* webViewClass */,
			);
		};
/* End PBXProject section */

/* Begin PBXResourcesBuildPhase section */
		D3B572721C98EE42002DB4C7 /* Resources */ = {
			isa = PBXResourcesBuildPhase;
			buildActionMask = 2147483647;
			files = (
				D3A611FE1C9B7878005F715F /* Settings.bundle in Resources */,
				D3B572821C98EE42002DB4C7 /* LaunchScreen.storyboard in Resources */,
				D3B5727F1C98EE42002DB4C7 /* Assets.xcassets in Resources */,
				D3B5727D1C98EE42002DB4C7 /* Main.storyboard in Resources */,
			);
			runOnlyForDeploymentPostprocessing = 0;
		};
/* End PBXResourcesBuildPhase section */

/* Begin PBXSourcesBuildPhase section */
		D3B572701C98EE42002DB4C7 /* Sources */ = {
			isa = PBXSourcesBuildPhase;
			buildActionMask = 2147483647;
			files = (
				D3B5727A1C98EE42002DB4C7 /* ViewController.swift in Sources */,
				D3A612001C9B7FBA005F715F /* HistoryVC.swift in Sources */,
				D3B572781C98EE42002DB4C7 /* AppDelegate.swift in Sources */,
			);
			runOnlyForDeploymentPostprocessing = 0;
		};
/* End PBXSourcesBuildPhase section */

/* Begin PBXVariantGroup section */
		D3B5727B1C98EE42002DB4C7 /* Main.storyboard */ = {
			isa = PBXVariantGroup;
			children = (
				D3B5727C1C98EE42002DB4C7 /* Base */,
			);
			name = Main.storyboard;
			sourceTree = "<group>";
		};
		D3B572801C98EE42002DB4C7 /* LaunchScreen.storyboard */ = {
			isa = PBXVariantGroup;
			children = (
				D3B572811C98EE42002DB4C7 /* Base */,
			);
			name = LaunchScreen.storyboard;
			sourceTree = "<group>";
		};
/* End PBXVariantGroup section */

/* Begin XCBuildConfiguration section */
		D3B572841C98EE42002DB4C7 /* Debug */ = {
			isa = XCBuildConfiguration;
			buildSettings = {
				ALWAYS_SEARCH_USER_PATHS = NO;
				CLANG_CXX_LANGUAGE_STANDARD = "gnu++0x";
				CLANG_CXX_LIBRARY = "libc++";
				CLANG_ENABLE_MODULES = YES;
				CLANG_ENABLE_OBJC_ARC = YES;
				CLANG_WARN_BOOL_CONVERSION = YES;
				CLANG_WARN_CONSTANT_CONVERSION = YES;
				CLANG_WARN_DIRECT_OBJC_ISA_USAGE = YES_ERROR;
				CLANG_WARN_EMPTY_BODY = YES;
				CLANG_WARN_ENUM_CONVERSION = YES;
				CLANG_WARN_INT_CONVERSION = YES;
				CLANG_WARN_OBJC_ROOT_CLASS = YES_ERROR;
				CLANG_WARN_UNREACHABLE_CODE = YES;
				CLANG_WARN__DUPLICATE_METHOD_MATCH = YES;
				"CODE_SIGN_IDENTITY[sdk=iphoneos*]" = "iPhone Developer";
				COPY_PHASE_STRIP = NO;
				DEBUG_INFORMATION_FORMAT = dwarf;
				ENABLE_STRICT_OBJC_MSGSEND = YES;
				ENABLE_TESTABILITY = YES;
				GCC_C_LANGUAGE_STANDARD = gnu99;
				GCC_DYNAMIC_NO_PIC = NO;
				GCC_NO_COMMON_BLOCKS = YES;
				GCC_OPTIMIZATION_LEVEL = 0;
				GCC_PREPROCESSOR_DEFINITIONS = (
					"DEBUG=1",
					"$(inherited)",
				);
				GCC_WARN_64_TO_32_BIT_CONVERSION = YES;
				GCC_WARN_ABOUT_RETURN_TYPE = YES_ERROR;
				GCC_WARN_UNDECLARED_SELECTOR = YES;
				GCC_WARN_UNINITIALIZED_AUTOS = YES_AGGRESSIVE;
				GCC_WARN_UNUSED_FUNCTION = YES;
				GCC_WARN_UNUSED_VARIABLE = YES;
				IPHONEOS_DEPLOYMENT_TARGET = 9.2;
				MTL_ENABLE_DEBUG_INFO = YES;
				ONLY_ACTIVE_ARCH = YES;
				SDKROOT = iphoneos;
				SWIFT_OPTIMIZATION_LEVEL = "-Onone";
				TARGETED_DEVICE_FAMILY = "1,2";
			};
			name = Debug;
		};
		D3B572851C98EE42002DB4C7 /* Release */ = {
			isa = XCBuildConfiguration;
			buildSettings = {
				ALWAYS_SEARCH_USER_PATHS = NO;
				CLANG_CXX_LANGUAGE_STANDARD = "gnu++0x";
				CLANG_CXX_LIBRARY = "libc++";
				CLANG_ENABLE_MODULES = YES;
				CLANG_ENABLE_OBJC_ARC = YES;
				CLANG_WARN_BOOL_CONVERSION = YES;
				CLANG_WARN_CONSTANT_CONVERSION = YES;
				CLANG_WARN_DIRECT_OBJC_ISA_USAGE = YES_ERROR;
				CLANG_WARN_EMPTY_BODY = YES;
				CLANG_WARN_ENUM_CONVERSION = YES;
				CLANG_WARN_INT_CONVERSION = YES;
				CLANG_WARN_OBJC_ROOT_CLASS = YES_ERROR;
				CLANG_WARN_UNREACHABLE_CODE = YES;
				CLANG_WARN__DUPLICATE_METHOD_MATCH = YES;
				"CODE_SIGN_IDENTITY[sdk=iphoneos*]" = "iPhone Developer";
				COPY_PHASE_STRIP = NO;
				DEBUG_INFORMATION_FORMAT = "dwarf-with-dsym";
				ENABLE_NS_ASSERTIONS = NO;
				ENABLE_STRICT_OBJC_MSGSEND = YES;
				GCC_C_LANGUAGE_STANDARD = gnu99;
				GCC_NO_COMMON_BLOCKS = YES;
				GCC_WARN_64_TO_32_BIT_CONVERSION = YES;
				GCC_WARN_ABOUT_RETURN_TYPE = YES_ERROR;
				GCC_WARN_UNDECLARED_SELECTOR = YES;
				GCC_WARN_UNINITIALIZED_AUTOS = YES_AGGRESSIVE;
				GCC_WARN_UNUSED_FUNCTION = YES;
				GCC_WARN_UNUSED_VARIABLE = YES;
				IPHONEOS_DEPLOYMENT_TARGET = 9.2;
				MTL_ENABLE_DEBUG_INFO = NO;
				SDKROOT = iphoneos;
				TARGETED_DEVICE_FAMILY = "1,2";
				VALIDATE_PRODUCT = YES;
			};
			name = Release;
		};
		D3B572871C98EE42002DB4C7 /* Debug */ = {
			isa = XCBuildConfiguration;
			buildSettings = {
				ASSETCATALOG_COMPILER_APPICON_NAME = AppIcon;
				INFOPLIST_FILE = webViewClass/Info.plist;
				LD_RUNPATH_SEARCH_PATHS = "$(inherited) @executable_path/Frameworks";
				PRODUCT_BUNDLE_IDENTIFIER = francisco.webViewClass;
				PRODUCT_NAME = "$(TARGET_NAME)";
			};
			name = Debug;
		};
		D3B572881C98EE42002DB4C7 /* Release */ = {
			isa = XCBuildConfiguration;
			buildSettings = {
				ASSETCATALOG_COMPILER_APPICON_NAME = AppIcon;
				INFOPLIST_FILE = webViewClass/Info.plist;
				LD_RUNPATH_SEARCH_PATHS = "$(inherited) @executable_path/Frameworks";
				PRODUCT_BUNDLE_IDENTIFIER = francisco.webViewClass;
				PRODUCT_NAME = "$(TARGET_NAME)";
			};
			name = Release;
		};
/* End XCBuildConfiguration section */

/* Begin XCConfigurationList section */
		D3B5726F1C98EE42002DB4C7 /* Build configuration list for PBXProject "webViewClass" */ = {
			isa = XCConfigurationList;
			buildConfigurations = (
				D3B572841C98EE42002DB4C7 /* Debug */,
				D3B572851C98EE42002DB4C7 /* Release */,
			);
			defaultConfigurationIsVisible = 0;
			defaultConfigurationName = Release;
		};
		D3B572861C98EE42002DB4C7 /* Build configuration list for PBXNativeTarget "webViewClass" */ = {
			isa = XCConfigurationList;
			buildConfigurations = (
				D3B572871C98EE42002DB4C7 /* Debug */,
				D3B572881C98EE42002DB4C7 /* Release */,
			);
			defaultConfigurationIsVisible = 0;
			defaultConfigurationName = Release;
		};
/* End XCConfigurationList section */
	};
	rootObject = D3B5726C1C98EE42002DB4C7 /* Project object */;
}
