// !$*UTF8*$!
{
	archiveVersion = 1;
	classes = {
	};
	objectVersion = 46;
	objects = {

/* Begin PBXBuildFile section */
		D30FBD981C867FBF00EF9C0C /* AppDelegate.swift in Sources */ = {isa = PBXBuildFile; fileRef = D30FBD971C867FBF00EF9C0C /* AppDelegate.swift */; };
		D30FBD9A1C867FBF00EF9C0C /* ViewController.swift in Sources */ = {isa = PBXBuildFile; fileRef = D30FBD991C867FBF00EF9C0C /* ViewController.swift */; };
		D30FBD9D1C867FBF00EF9C0C /* Main.storyboard in Resources */ = {isa = PBXBuildFile; fileRef = D30FBD9B1C867FBF00EF9C0C /* Main.storyboard */; };
		D30FBD9F1C867FBF00EF9C0C /* Assets.xcassets in Resources */ = {isa = PBXBuildFile; fileRef = D30FBD9E1C867FBF00EF9C0C /* Assets.xcassets */; };
		D30FBDA21C867FBF00EF9C0C /* LaunchScreen.storyboard in Resources */ = {isa = PBXBuildFile; fileRef = D30FBDA01C867FBF00EF9C0C /* LaunchScreen.storyboard */; };
		D30FBDAA1C867FE100EF9C0C /* spacecat.jpg in Resources */ = {isa = PBXBuildFile; fileRef = D30FBDA91C867FE100EF9C0C /* spacecat.jpg */; };
/* End PBXBuildFile section */

/* Begin PBXFileReference section */
		D30FBD941C867FBF00EF9C0C /* scrollView.app */ = {isa = PBXFileReference; explicitFileType = wrapper.application; includeInIndex = 0; path = scrollView.app; sourceTree = BUILT_PRODUCTS_DIR; };
		D30FBD971C867FBF00EF9C0C /* AppDelegate.swift */ = {isa = PBXFileReference; lastKnownFileType = sourcecode.swift; path = AppDelegate.swift; sourceTree = "<group>"; };
		D30FBD991C867FBF00EF9C0C /* ViewController.swift */ = {isa = PBXFileReference; lastKnownFileType = sourcecode.swift; path = ViewController.swift; sourceTree = "<group>"; };
		D30FBD9C1C867FBF00EF9C0C /* Base */ = {isa = PBXFileReference; lastKnownFileType = file.storyboard; name = Base; path = Base.lproj/Main.storyboard; sourceTree = "<group>"; };
		D30FBD9E1C867FBF00EF9C0C /* Assets.xcassets */ = {isa = PBXFileReference; lastKnownFileType = folder.assetcatalog; path = Assets.xcassets; sourceTree = "<group>"; };
		D30FBDA11C867FBF00EF9C0C /* Base */ = {isa = PBXFileReference; lastKnownFileType = file.storyboard; name = Base; path = Base.lproj/LaunchScreen.storyboard; sourceTree = "<group>"; };
		D30FBDA31C867FBF00EF9C0C /* Info.plist */ = {isa = PBXFileReference; lastKnownFileType = text.plist.xml; path = Info.plist; sourceTree = "<group>"; };
		D30FBDA91C867FE100EF9C0C /* spacecat.jpg */ = {isa = PBXFileReference; lastKnownFileType = image.jpeg; name = spacecat.jpg; path = ../../../../../Desktop/spacecat.jpg; sourceTree = "<group>"; };
/* End PBXFileReference section */

/* Begin PBXFrameworksBuildPhase section */
		D30FBD911C867FBF00EF9C0C /* Frameworks */ = {
			isa = PBXFrameworksBuildPhase;
			buildActionMask = 2147483647;
			files = (
			);
			runOnlyForDeploymentPostprocessing = 0;
		};
/* End PBXFrameworksBuildPhase section */

/* Begin PBXGroup section */
		D30FBD8B1C867FBE00EF9C0C = {
			isa = PBXGroup;
			children = (
				D30FBD961C867FBF00EF9C0C /* scrollView */,
				D30FBD951C867FBF00EF9C0C /* Products */,
			);
			sourceTree = "<group>";
		};
		D30FBD951C867FBF00EF9C0C /* Products */ = {
			isa = PBXGroup;
			children = (
				D30FBD941C867FBF00EF9C0C /* scrollView.app */,
			);
			name = Products;
			sourceTree = "<group>";
		};
		D30FBD961C867FBF00EF9C0C /* scrollView */ = {
			isa = PBXGroup;
			children = (
				D30FBD971C867FBF00EF9C0C /* AppDelegate.swift */,
				D30FBD991C867FBF00EF9C0C /* ViewController.swift */,
				D30FBD9B1C867FBF00EF9C0C /* Main.storyboard */,
				D30FBD9E1C867FBF00EF9C0C /* Assets.xcassets */,
				D30FBDA91C867FE100EF9C0C /* spacecat.jpg */,
				D30FBDA01C867FBF00EF9C0C /* LaunchScreen.storyboard */,
				D30FBDA31C867FBF00EF9C0C /* Info.plist */,
			);
			path = scrollView;
			sourceTree = "<group>";
		};
/* End PBXGroup section */

/* Begin PBXNativeTarget section */
		D30FBD931C867FBF00EF9C0C /* scrollView */ = {
			isa = PBXNativeTarget;
			buildConfigurationList = D30FBDA61C867FBF00EF9C0C /* Build configuration list for PBXNativeTarget "scrollView" */;
			buildPhases = (
				D30FBD901C867FBF00EF9C0C /* Sources */,
				D30FBD911C867FBF00EF9C0C /* Frameworks */,
				D30FBD921C867FBF00EF9C0C /* Resources */,
			);
			buildRules = (
			);
			dependencies = (
			);
			name = scrollView;
			productName = scrollView;
			productReference = D30FBD941C867FBF00EF9C0C /* scrollView.app */;
			productType = "com.apple.product-type.application";
		};
/* End PBXNativeTarget section */

/* Begin PBXProject section */
		D30FBD8C1C867FBE00EF9C0C /* Project object */ = {
			isa = PBXProject;
			attributes = {
				LastSwiftUpdateCheck = 0720;
				LastUpgradeCheck = 0720;
				ORGANIZATIONNAME = "Francisco Gutierrez";
				TargetAttributes = {
					D30FBD931C867FBF00EF9C0C = {
						CreatedOnToolsVersion = 7.2;
						DevelopmentTeam = KX4VBDX3KL;
					};
				};
			};
			buildConfigurationList = D30FBD8F1C867FBE00EF9C0C /* Build configuration list for PBXProject "scrollView" */;
			compatibilityVersion = "Xcode 3.2";
			developmentRegion = English;
			hasScannedForEncodings = 0;
			knownRegions = (
				en,
				Base,
			);
			mainGroup = D30FBD8B1C867FBE00EF9C0C;
			productRefGroup = D30FBD951C867FBF00EF9C0C /* Products */;
			projectDirPath = "";
			projectRoot = "";
			targets = (
				D30FBD931C867FBF00EF9C0C /* scrollView */,
			);
		};
/* End PBXProject section */

/* Begin PBXResourcesBuildPhase section */
		D30FBD921C867FBF00EF9C0C /* Resources */ = {
			isa = PBXResourcesBuildPhase;
			buildActionMask = 2147483647;
			files = (
				D30FBDA21C867FBF00EF9C0C /* LaunchScreen.storyboard in Resources */,
				D30FBD9F1C867FBF00EF9C0C /* Assets.xcassets in Resources */,
				D30FBD9D1C867FBF00EF9C0C /* Main.storyboard in Resources */,
				D30FBDAA1C867FE100EF9C0C /* spacecat.jpg in Resources */,
			);
			runOnlyForDeploymentPostprocessing = 0;
		};
/* End PBXResourcesBuildPhase section */

/* Begin PBXSourcesBuildPhase section */
		D30FBD901C867FBF00EF9C0C /* Sources */ = {
			isa = PBXSourcesBuildPhase;
			buildActionMask = 2147483647;
			files = (
				D30FBD9A1C867FBF00EF9C0C /* ViewController.swift in Sources */,
				D30FBD981C867FBF00EF9C0C /* AppDelegate.swift in Sources */,
			);
			runOnlyForDeploymentPostprocessing = 0;
		};
/* End PBXSourcesBuildPhase section */

/* Begin PBXVariantGroup section */
		D30FBD9B1C867FBF00EF9C0C /* Main.storyboard */ = {
			isa = PBXVariantGroup;
			children = (
				D30FBD9C1C867FBF00EF9C0C /* Base */,
			);
			name = Main.storyboard;
			sourceTree = "<group>";
		};
		D30FBDA01C867FBF00EF9C0C /* LaunchScreen.storyboard */ = {
			isa = PBXVariantGroup;
			children = (
				D30FBDA11C867FBF00EF9C0C /* Base */,
			);
			name = LaunchScreen.storyboard;
			sourceTree = "<group>";
		};
/* End PBXVariantGroup section */

/* Begin XCBuildConfiguration section */
		D30FBDA41C867FBF00EF9C0C /* Debug */ = {
			isa = XCBuildConfiguration;
			buildSettings = {
				ALWAYS_SEARCH_USER_PATHS = NO;
				CLANG_CXX_LANGUAGE_STANDARD = "gnu++0x";
				CLANG_CXX_LIBRARY = "libc++";
				CLANG_ENABLE_MODULES = YES;
				CLANG_ENABLE_OBJC_ARC = YES;
				CLANG_WARN_BOOL_CONVERSION = YES;
				CLANG_WARN_CONSTANT_CONVERSION = YES;
				CLANG_WARN_DIRECT_OBJC_ISA_USAGE = YES_ERROR;
				CLANG_WARN_EMPTY_BODY = YES;
				CLANG_WARN_ENUM_CONVERSION = YES;
				CLANG_WARN_INT_CONVERSION = YES;
				CLANG_WARN_OBJC_ROOT_CLASS = YES_ERROR;
				CLANG_WARN_UNREACHABLE_CODE = YES;
				CLANG_WARN__DUPLICATE_METHOD_MATCH = YES;
				"CODE_SIGN_IDENTITY[sdk=iphoneos*]" = "iPhone Developer";
				COPY_PHASE_STRIP = NO;
				DEBUG_INFORMATION_FORMAT = dwarf;
				ENABLE_STRICT_OBJC_MSGSEND = YES;
				ENABLE_TESTABILITY = YES;
				GCC_C_LANGUAGE_STANDARD = gnu99;
				GCC_DYNAMIC_NO_PIC = NO;
				GCC_NO_COMMON_BLOCKS = YES;
				GCC_OPTIMIZATION_LEVEL = 0;
				GCC_PREPROCESSOR_DEFINITIONS = (
					"DEBUG=1",
					"$(inherited)",
				);
				GCC_WARN_64_TO_32_BIT_CONVERSION = YES;
				GCC_WARN_ABOUT_RETURN_TYPE = YES_ERROR;
				GCC_WARN_UNDECLARED_SELECTOR = YES;
				GCC_WARN_UNINITIALIZED_AUTOS = YES_AGGRESSIVE;
				GCC_WARN_UNUSED_FUNCTION = YES;
				GCC_WARN_UNUSED_VARIABLE = YES;
				IPHONEOS_DEPLOYMENT_TARGET = 9.2;
				MTL_ENABLE_DEBUG_INFO = YES;
				ONLY_ACTIVE_ARCH = YES;
				SDKROOT = iphoneos;
				SWIFT_OPTIMIZATION_LEVEL = "-Onone";
				TARGETED_DEVICE_FAMILY = "1,2";
			};
			name = Debug;
		};
		D30FBDA51C867FBF00EF9C0C /* Release */ = {
			isa = XCBuildConfiguration;
			buildSettings = {
				ALWAYS_SEARCH_USER_PATHS = NO;
				CLANG_CXX_LANGUAGE_STANDARD = "gnu++0x";
				CLANG_CXX_LIBRARY = "libc++";
				CLANG_ENABLE_MODULES = YES;
				CLANG_ENABLE_OBJC_ARC = YES;
				CLANG_WARN_BOOL_CONVERSION = YES;
				CLANG_WARN_CONSTANT_CONVERSION = YES;
				CLANG_WARN_DIRECT_OBJC_ISA_USAGE = YES_ERROR;
				CLANG_WARN_EMPTY_BODY = YES;
				CLANG_WARN_ENUM_CONVERSION = YES;
				CLANG_WARN_INT_CONVERSION = YES;
				CLANG_WARN_OBJC_ROOT_CLASS = YES_ERROR;
				CLANG_WARN_UNREACHABLE_CODE = YES;
				CLANG_WARN__DUPLICATE_METHOD_MATCH = YES;
				"CODE_SIGN_IDENTITY[sdk=iphoneos*]" = "iPhone Developer";
				COPY_PHASE_STRIP = NO;
				DEBUG_INFORMATION_FORMAT = "dwarf-with-dsym";
				ENABLE_NS_ASSERTIONS = NO;
				ENABLE_STRICT_OBJC_MSGSEND = YES;
				GCC_C_LANGUAGE_STANDARD = gnu99;
				GCC_NO_COMMON_BLOCKS = YES;
				GCC_WARN_64_TO_32_BIT_CONVERSION = YES;
				GCC_WARN_ABOUT_RETURN_TYPE = YES_ERROR;
				GCC_WARN_UNDECLARED_SELECTOR = YES;
				GCC_WARN_UNINITIALIZED_AUTOS = YES_AGGRESSIVE;
				GCC_WARN_UNUSED_FUNCTION = YES;
				GCC_WARN_UNUSED_VARIABLE = YES;
				IPHONEOS_DEPLOYMENT_TARGET = 9.2;
				MTL_ENABLE_DEBUG_INFO = NO;
				SDKROOT = iphoneos;
				TARGETED_DEVICE_FAMILY = "1,2";
				VALIDATE_PRODUCT = YES;
			};
			name = Release;
		};
		D30FBDA71C867FBF00EF9C0C /* Debug */ = {
			isa = XCBuildConfiguration;
			buildSettings = {
				ASSETCATALOG_COMPILER_APPICON_NAME = AppIcon;
				INFOPLIST_FILE = scrollView/Info.plist;
				LD_RUNPATH_SEARCH_PATHS = "$(inherited) @executable_path/Frameworks";
				PRODUCT_BUNDLE_IDENTIFIER = francisco.scrollView;
				PRODUCT_NAME = "$(TARGET_NAME)";
			};
			name = Debug;
		};
		D30FBDA81C867FBF00EF9C0C /* Release */ = {
			isa = XCBuildConfiguration;
			buildSettings = {
				ASSETCATALOG_COMPILER_APPICON_NAME = AppIcon;
				INFOPLIST_FILE = scrollView/Info.plist;
				LD_RUNPATH_SEARCH_PATHS = "$(inherited) @executable_path/Frameworks";
				PRODUCT_BUNDLE_IDENTIFIER = francisco.scrollView;
				PRODUCT_NAME = "$(TARGET_NAME)";
			};
			name = Release;
		};
/* End XCBuildConfiguration section */

/* Begin XCConfigurationList section */
		D30FBD8F1C867FBE00EF9C0C /* Build configuration list for PBXProject "scrollView" */ = {
			isa = XCConfigurationList;
			buildConfigurations = (
				D30FBDA41C867FBF00EF9C0C /* Debug */,
				D30FBDA51C867FBF00EF9C0C /* Release */,
			);
			defaultConfigurationIsVisible = 0;
			defaultConfigurationName = Release;
		};
		D30FBDA61C867FBF00EF9C0C /* Build configuration list for PBXNativeTarget "scrollView" */ = {
			isa = XCConfigurationList;
			buildConfigurations = (
				D30FBDA71C867FBF00EF9C0C /* Debug */,
				D30FBDA81C867FBF00EF9C0C /* Release */,
			);
			defaultConfigurationIsVisible = 0;
		};
/* End XCConfigurationList section */
	};
	rootObject = D30FBD8C1C867FBE00EF9C0C /* Project object */;
}
